
Microsoft Visual Studio Solution File, Format Version 12.00
# Visual Studio Version 17
VisualStudioVersion = 17.9.34616.47
MinimumVisualStudioVersion = 10.0.40219.1
Project("{FAE04EC0-301F-11D3-BF4B-00C04F79EFBC}") = "ISTA.SecureApp.Api", "ISTA.SecureApp.Api\ISTA.SecureApp.Api.csproj", "{504DDE2F-8EFB-4545-994A-5AE385F01908}"
EndProject
Project("{FAE04EC0-301F-11D3-BF4B-00C04F79EFBC}") = "ISTA.SecureApp.Models", "ISTA.SecureApp.Models\ISTA.SecureApp.Models.csproj", "{F8F4D581-C011-4E12-8275-58F97BB7FC49}"
EndProject
Project("{FAE04EC0-301F-11D3-BF4B-00C04F79EFBC}") = "ISTA.SecureApp.Repositories", "ISTA.SecureApp.Repositories\ISTA.SecureApp.Repositories.csproj", "{BF043CCE-A469-4327-9A6F-1EA7124729D3}"
EndProject
Project("{FAE04EC0-301F-11D3-BF4B-00C04F79EFBC}") = "ISTA.SecureApp.Services", "ISTA.SecureApp.Services\ISTA.SecureApp.Services.csproj", "{97660E9D-E2E6-448E-9672-2A79C2DAFFD6}"
EndProject
Global
	GlobalSection(SolutionConfigurationPlatforms) = preSolution
		Debug|Any CPU = Debug|Any CPU
		Release|Any CPU = Release|Any CPU
	EndGlobalSection
	GlobalSection(ProjectConfigurationPlatforms) = postSolution
		{504DDE2F-8EFB-4545-994A-5AE385F01908}.Debug|Any CPU.ActiveCfg = Debug|Any CPU
		{504DDE2F-8EFB-4545-994A-5AE385F01908}.Debug|Any CPU.Build.0 = Debug|Any CPU
		{504DDE2F-8EFB-4545-994A-5AE385F01908}.Release|Any CPU.ActiveCfg = Release|Any CPU
		{504DDE2F-8EFB-4545-994A-5AE385F01908}.Release|Any CPU.Build.0 = Release|Any CPU
		{F8F4D581-C011-4E12-8275-58F97BB7FC49}.Debug|Any CPU.ActiveCfg = Debug|Any CPU
		{F8F4D581-C011-4E12-8275-58F97BB7FC49}.Debug|Any CPU.Build.0 = Debug|Any CPU
		{F8F4D581-C011-4E12-8275-58F97BB7FC49}.Release|Any CPU.ActiveCfg = Release|Any CPU
		{F8F4D581-C011-4E12-8275-58F97BB7FC49}.Release|Any CPU.Build.0 = Release|Any CPU
		{BF043CCE-A469-4327-9A6F-1EA7124729D3}.Debug|Any CPU.ActiveCfg = Debug|Any CPU
		{BF043CCE-A469-4327-9A6F-1EA7124729D3}.Debug|Any CPU.Build.0 = Debug|Any CPU
		{BF043CCE-A469-4327-9A6F-1EA7124729D3}.Release|Any CPU.ActiveCfg = Release|Any CPU
		{BF043CCE-A469-4327-9A6F-1EA7124729D3}.Release|Any CPU.Build.0 = Release|Any CPU
		{97660E9D-E2E6-448E-9672-2A79C2DAFFD6}.Debug|Any CPU.ActiveCfg = Debug|Any CPU
		{97660E9D-E2E6-448E-9672-2A79C2DAFFD6}.Debug|Any CPU.Build.0 = Debug|Any CPU
		{97660E9D-E2E6-448E-9672-2A79C2DAFFD6}.Release|Any CPU.ActiveCfg = Release|Any CPU
		{97660E9D-E2E6-448E-9672-2A79C2DAFFD6}.Release|Any CPU.Build.0 = Release|Any CPU
	EndGlobalSection
	GlobalSection(SolutionProperties) = preSolution
		HideSolutionNode = FALSE
	EndGlobalSection
	GlobalSection(ExtensibilityGlobals) = postSolution
		SolutionGuid = {BD8128BF-801A-4223-8F84-5295283BE9D7}
	EndGlobalSection
EndGlobal
